// !$*UTF8*$!
{
	archiveVersion = 1;
	classes = {
	};
	objectVersion = 46;
	objects = {

/* Begin PBXBuildFile section */
		DA9FF0761C6546EF00BF1E2C /* AppDelegate.swift in Sources */ = {isa = PBXBuildFile; fileRef = DA9FF0751C6546EF00BF1E2C /* AppDelegate.swift */; };
		DA9FF0781C6546EF00BF1E2C /* ViewController.swift in Sources */ = {isa = PBXBuildFile; fileRef = DA9FF0771C6546EF00BF1E2C /* ViewController.swift */; };
		DA9FF07B1C6546EF00BF1E2C /* Main.storyboard in Resources */ = {isa = PBXBuildFile; fileRef = DA9FF0791C6546EF00BF1E2C /* Main.storyboard */; };
		DA9FF07D1C6546EF00BF1E2C /* Assets.xcassets in Resources */ = {isa = PBXBuildFile; fileRef = DA9FF07C1C6546EF00BF1E2C /* Assets.xcassets */; };
		DA9FF0801C6546EF00BF1E2C /* LaunchScreen.storyboard in Resources */ = {isa = PBXBuildFile; fileRef = DA9FF07E1C6546EF00BF1E2C /* LaunchScreen.storyboard */; };
		DA9FF08B1C6546EF00BF1E2C /* _07_P2Tests.swift in Sources */ = {isa = PBXBuildFile; fileRef = DA9FF08A1C6546EF00BF1E2C /* _07_P2Tests.swift */; };
		DA9FF0961C6546EF00BF1E2C /* _07_P2UITests.swift in Sources */ = {isa = PBXBuildFile; fileRef = DA9FF0951C6546EF00BF1E2C /* _07_P2UITests.swift */; };
/* End PBXBuildFile section */

/* Begin PBXContainerItemProxy section */
		DA9FF0871C6546EF00BF1E2C /* PBXContainerItemProxy */ = {
			isa = PBXContainerItemProxy;
			containerPortal = DA9FF06A1C6546EF00BF1E2C /* Project object */;
			proxyType = 1;
			remoteGlobalIDString = DA9FF0711C6546EF00BF1E2C;
			remoteInfo = "407 P2";
		};
		DA9FF0921C6546EF00BF1E2C /* PBXContainerItemProxy */ = {
			isa = PBXContainerItemProxy;
			containerPortal = DA9FF06A1C6546EF00BF1E2C /* Project object */;
			proxyType = 1;
			remoteGlobalIDString = DA9FF0711C6546EF00BF1E2C;
			remoteInfo = "407 P2";
		};
/* End PBXContainerItemProxy section */

/* Begin PBXFileReference section */
		DA9FF0721C6546EF00BF1E2C /* 407 P2.app */ = {isa = PBXFileReference; explicitFileType = wrapper.application; includeInIndex = 0; path = "407 P2.app"; sourceTree = BUILT_PRODUCTS_DIR; };
		DA9FF0751C6546EF00BF1E2C /* AppDelegate.swift */ = {isa = PBXFileReference; lastKnownFileType = sourcecode.swift; path = AppDelegate.swift; sourceTree = "<group>"; };
		DA9FF0771C6546EF00BF1E2C /* ViewController.swift */ = {isa = PBXFileReference; lastKnownFileType = sourcecode.swift; path = ViewController.swift; sourceTree = "<group>"; };
		DA9FF07A1C6546EF00BF1E2C /* Base */ = {isa = PBXFileReference; lastKnownFileType = file.storyboard; name = Base; path = Base.lproj/Main.storyboard; sourceTree = "<group>"; };
		DA9FF07C1C6546EF00BF1E2C /* Assets.xcassets */ = {isa = PBXFileReference; lastKnownFileType = folder.assetcatalog; path = Assets.xcassets; sourceTree = "<group>"; };
		DA9FF07F1C6546EF00BF1E2C /* Base */ = {isa = PBXFileReference; lastKnownFileType = file.storyboard; name = Base; path = Base.lproj/LaunchScreen.storyboard; sourceTree = "<group>"; };
		DA9FF0811C6546EF00BF1E2C /* Info.plist */ = {isa = PBXFileReference; lastKnownFileType = text.plist.xml; path = Info.plist; sourceTree = "<group>"; };
		DA9FF0861C6546EF00BF1E2C /* 407 P2Tests.xctest */ = {isa = PBXFileReference; explicitFileType = wrapper.cfbundle; includeInIndex = 0; path = "407 P2Tests.xctest"; sourceTree = BUILT_PRODUCTS_DIR; };
		DA9FF08A1C6546EF00BF1E2C /* _07_P2Tests.swift */ = {isa = PBXFileReference; lastKnownFileType = sourcecode.swift; path = _07_P2Tests.swift; sourceTree = "<group>"; };
		DA9FF08C1C6546EF00BF1E2C /* Info.plist */ = {isa = PBXFileReference; lastKnownFileType = text.plist.xml; path = Info.plist; sourceTree = "<group>"; };
		DA9FF0911C6546EF00BF1E2C /* 407 P2UITests.xctest */ = {isa = PBXFileReference; explicitFileType = wrapper.cfbundle; includeInIndex = 0; path = "407 P2UITests.xctest"; sourceTree = BUILT_PRODUCTS_DIR; };
		DA9FF0951C6546EF00BF1E2C /* _07_P2UITests.swift */ = {isa = PBXFileReference; lastKnownFileType = sourcecode.swift; path = _07_P2UITests.swift; sourceTree = "<group>"; };
		DA9FF0971C6546EF00BF1E2C /* Info.plist */ = {isa = PBXFileReference; lastKnownFileType = text.plist.xml; path = Info.plist; sourceTree = "<group>"; };
/* End PBXFileReference section */

/* Begin PBXFrameworksBuildPhase section */
		DA9FF06F1C6546EF00BF1E2C /* Frameworks */ = {
			isa = PBXFrameworksBuildPhase;
			buildActionMask = 2147483647;
			files = (
			);
			runOnlyForDeploymentPostprocessing = 0;
		};
		DA9FF0831C6546EF00BF1E2C /* Frameworks */ = {
			isa = PBXFrameworksBuildPhase;
			buildActionMask = 2147483647;
			files = (
			);
			runOnlyForDeploymentPostprocessing = 0;
		};
		DA9FF08E1C6546EF00BF1E2C /* Frameworks */ = {
			isa = PBXFrameworksBuildPhase;
			buildActionMask = 2147483647;
			files = (
			);
			runOnlyForDeploymentPostprocessing = 0;
		};
/* End PBXFrameworksBuildPhase section */

/* Begin PBXGroup section */
		DA9FF0691C6546EF00BF1E2C = {
			isa = PBXGroup;
			children = (
				DA9FF0741C6546EF00BF1E2C /* 407 P2 */,
				DA9FF0891C6546EF00BF1E2C /* 407 P2Tests */,
				DA9FF0941C6546EF00BF1E2C /* 407 P2UITests */,
				DA9FF0731C6546EF00BF1E2C /* Products */,
			);
			sourceTree = "<group>";
		};
		DA9FF0731C6546EF00BF1E2C /* Products */ = {
			isa = PBXGroup;
			children = (
				DA9FF0721C6546EF00BF1E2C /* 407 P2.app */,
				DA9FF0861C6546EF00BF1E2C /* 407 P2Tests.xctest */,
				DA9FF0911C6546EF00BF1E2C /* 407 P2UITests.xctest */,
			);
			name = Products;
			sourceTree = "<group>";
		};
		DA9FF0741C6546EF00BF1E2C /* 407 P2 */ = {
			isa = PBXGroup;
			children = (
				DA9FF0751C6546EF00BF1E2C /* AppDelegate.swift */,
				DA9FF0771C6546EF00BF1E2C /* ViewController.swift */,
				DA9FF0791C6546EF00BF1E2C /* Main.storyboard */,
				DA9FF07C1C6546EF00BF1E2C /* Assets.xcassets */,
				DA9FF07E1C6546EF00BF1E2C /* LaunchScreen.storyboard */,
				DA9FF0811C6546EF00BF1E2C /* Info.plist */,
			);
			path = "407 P2";
			sourceTree = "<group>";
		};
		DA9FF0891C6546EF00BF1E2C /* 407 P2Tests */ = {
			isa = PBXGroup;
			children = (
				DA9FF08A1C6546EF00BF1E2C /* _07_P2Tests.swift */,
				DA9FF08C1C6546EF00BF1E2C /* Info.plist */,
			);
			path = "407 P2Tests";
			sourceTree = "<group>";
		};
		DA9FF0941C6546EF00BF1E2C /* 407 P2UITests */ = {
			isa = PBXGroup;
			children = (
				DA9FF0951C6546EF00BF1E2C /* _07_P2UITests.swift */,
				DA9FF0971C6546EF00BF1E2C /* Info.plist */,
			);
			path = "407 P2UITests";
			sourceTree = "<group>";
		};
/* End PBXGroup section */

/* Begin PBXNativeTarget section */
		DA9FF0711C6546EF00BF1E2C /* 407 P2 */ = {
			isa = PBXNativeTarget;
			buildConfigurationList = DA9FF09A1C6546EF00BF1E2C /* Build configuration list for PBXNativeTarget "407 P2" */;
			buildPhases = (
				DA9FF06E1C6546EF00BF1E2C /* Sources */,
				DA9FF06F1C6546EF00BF1E2C /* Frameworks */,
				DA9FF0701C6546EF00BF1E2C /* Resources */,
			);
			buildRules = (
			);
			dependencies = (
			);
			name = "407 P2";
			productName = "407 P2";
			productReference = DA9FF0721C6546EF00BF1E2C /* 407 P2.app */;
			productType = "com.apple.product-type.application";
		};
		DA9FF0851C6546EF00BF1E2C /* 407 P2Tests */ = {
			isa = PBXNativeTarget;
			buildConfigurationList = DA9FF09D1C6546EF00BF1E2C /* Build configuration list for PBXNativeTarget "407 P2Tests" */;
			buildPhases = (
				DA9FF0821C6546EF00BF1E2C /* Sources */,
				DA9FF0831C6546EF00BF1E2C /* Frameworks */,
				DA9FF0841C6546EF00BF1E2C /* Resources */,
			);
			buildRules = (
			);
			dependencies = (
				DA9FF0881C6546EF00BF1E2C /* PBXTargetDependency */,
			);
			name = "407 P2Tests";
			productName = "407 P2Tests";
			productReference = DA9FF0861C6546EF00BF1E2C /* 407 P2Tests.xctest */;
			productType = "com.apple.product-type.bundle.unit-test";
		};
		DA9FF0901C6546EF00BF1E2C /* 407 P2UITests */ = {
			isa = PBXNativeTarget;
			buildConfigurationList = DA9FF0A01C6546EF00BF1E2C /* Build configuration list for PBXNativeTarget "407 P2UITests" */;
			buildPhases = (
				DA9FF08D1C6546EF00BF1E2C /* Sources */,
				DA9FF08E1C6546EF00BF1E2C /* Frameworks */,
				DA9FF08F1C6546EF00BF1E2C /* Resources */,
			);
			buildRules = (
			);
			dependencies = (
				DA9FF0931C6546EF00BF1E2C /* PBXTargetDependency */,
			);
			name = "407 P2UITests";
			productName = "407 P2UITests";
			productReference = DA9FF0911C6546EF00BF1E2C /* 407 P2UITests.xctest */;
			productType = "com.apple.product-type.bundle.ui-testing";
		};
/* End PBXNativeTarget section */

/* Begin PBXProject section */
		DA9FF06A1C6546EF00BF1E2C /* Project object */ = {
			isa = PBXProject;
			attributes = {
				LastSwiftUpdateCheck = 0720;
				LastUpgradeCheck = 0720;
				ORGANIZATIONNAME = "Appco LLC";
				TargetAttributes = {
					DA9FF0711C6546EF00BF1E2C = {
						CreatedOnToolsVersion = 7.2.1;
					};
					DA9FF0851C6546EF00BF1E2C = {
						CreatedOnToolsVersion = 7.2.1;
						TestTargetID = DA9FF0711C6546EF00BF1E2C;
					};
					DA9FF0901C6546EF00BF1E2C = {
						CreatedOnToolsVersion = 7.2.1;
						TestTargetID = DA9FF0711C6546EF00BF1E2C;
					};
				};
			};
			buildConfigurationList = DA9FF06D1C6546EF00BF1E2C /* Build configuration list for PBXProject "407 P2" */;
			compatibilityVersion = "Xcode 3.2";
			developmentRegion = English;
			hasScannedForEncodings = 0;
			knownRegions = (
				en,
				Base,
			);
			mainGroup = DA9FF0691C6546EF00BF1E2C;
			productRefGroup = DA9FF0731C6546EF00BF1E2C /* Products */;
			projectDirPath = "";
			projectRoot = "";
			targets = (
				DA9FF0711C6546EF00BF1E2C /* 407 P2 */,
				DA9FF0851C6546EF00BF1E2C /* 407 P2Tests */,
				DA9FF0901C6546EF00BF1E2C /* 407 P2UITests */,
			);
		};
/* End PBXProject section */

/* Begin PBXResourcesBuildPhase section */
		DA9FF0701C6546EF00BF1E2C /* Resources */ = {
			isa = PBXResourcesBuildPhase;
			buildActionMask = 2147483647;
			files = (
				DA9FF0801C6546EF00BF1E2C /* LaunchScreen.storyboard in Resources */,
				DA9FF07D1C6546EF00BF1E2C /* Assets.xcassets in Resources */,
				DA9FF07B1C6546EF00BF1E2C /* Main.storyboard in Resources */,
			);
			runOnlyForDeploymentPostprocessing = 0;
		};
		DA9FF0841C6546EF00BF1E2C /* Resources */ = {
			isa = PBXResourcesBuildPhase;
			buildActionMask = 2147483647;
			files = (
			);
			runOnlyForDeploymentPostprocessing = 0;
		};
		DA9FF08F1C6546EF00BF1E2C /* Resources */ = {
			isa = PBXResourcesBuildPhase;
			buildActionMask = 2147483647;
			files = (
			);
			runOnlyForDeploymentPostprocessing = 0;
		};
/* End PBXResourcesBuildPhase section */

/* Begin PBXSourcesBuildPhase section */
		DA9FF06E1C6546EF00BF1E2C /* Sources */ = {
			isa = PBXSourcesBuildPhase;
			buildActionMask = 2147483647;
			files = (
				DA9FF0781C6546EF00BF1E2C /* ViewController.swift in Sources */,
				DA9FF0761C6546EF00BF1E2C /* AppDelegate.swift in Sources */,
			);
			runOnlyForDeploymentPostprocessing = 0;
		};
		DA9FF0821C6546EF00BF1E2C /* Sources */ = {
			isa = PBXSourcesBuildPhase;
			buildActionMask = 2147483647;
			files = (
				DA9FF08B1C6546EF00BF1E2C /* _07_P2Tests.swift in Sources */,
			);
			runOnlyForDeploymentPostprocessing = 0;
		};
		DA9FF08D1C6546EF00BF1E2C /* Sources */ = {
			isa = PBXSourcesBuildPhase;
			buildActionMask = 2147483647;
			files = (
				DA9FF0961C6546EF00BF1E2C /* _07_P2UITests.swift in Sources */,
			);
			runOnlyForDeploymentPostprocessing = 0;
		};
/* End PBXSourcesBuildPhase section */

/* Begin PBXTargetDependency section */
		DA9FF0881C6546EF00BF1E2C /* PBXTargetDependency */ = {
			isa = PBXTargetDependency;
			target = DA9FF0711C6546EF00BF1E2C /* 407 P2 */;
			targetProxy = DA9FF0871C6546EF00BF1E2C /* PBXContainerItemProxy */;
		};
		DA9FF0931C6546EF00BF1E2C /* PBXTargetDependency */ = {
			isa = PBXTargetDependency;
			target = DA9FF0711C6546EF00BF1E2C /* 407 P2 */;
			targetProxy = DA9FF0921C6546EF00BF1E2C /* PBXContainerItemProxy */;
		};
/* End PBXTargetDependency section */

/* Begin PBXVariantGroup section */
		DA9FF0791C6546EF00BF1E2C /* Main.storyboard */ = {
			isa = PBXVariantGroup;
			children = (
				DA9FF07A1C6546EF00BF1E2C /* Base */,
			);
			name = Main.storyboard;
			sourceTree = "<group>";
		};
		DA9FF07E1C6546EF00BF1E2C /* LaunchScreen.storyboard */ = {
			isa = PBXVariantGroup;
			children = (
				DA9FF07F1C6546EF00BF1E2C /* Base */,
			);
			name = LaunchScreen.storyboard;
			sourceTree = "<group>";
		};
/* End PBXVariantGroup section */

/* Begin XCBuildConfiguration section */
		DA9FF0981C6546EF00BF1E2C /* Debug */ = {
			isa = XCBuildConfiguration;
			buildSettings = {
				ALWAYS_SEARCH_USER_PATHS = NO;
				CLANG_CXX_LANGUAGE_STANDARD = "gnu++0x";
				CLANG_CXX_LIBRARY = "libc++";
				CLANG_ENABLE_MODULES = YES;
				CLANG_ENABLE_OBJC_ARC = YES;
				CLANG_WARN_BOOL_CONVERSION = YES;
				CLANG_WARN_CONSTANT_CONVERSION = YES;
				CLANG_WARN_DIRECT_OBJC_ISA_USAGE = YES_ERROR;
				CLANG_WARN_EMPTY_BODY = YES;
				CLANG_WARN_ENUM_CONVERSION = YES;
				CLANG_WARN_INT_CONVERSION = YES;
				CLANG_WARN_OBJC_ROOT_CLASS = YES_ERROR;
				CLANG_WARN_UNREACHABLE_CODE = YES;
				CLANG_WARN__DUPLICATE_METHOD_MATCH = YES;
				"CODE_SIGN_IDENTITY[sdk=iphoneos*]" = "iPhone Developer";
				COPY_PHASE_STRIP = NO;
				DEBUG_INFORMATION_FORMAT = dwarf;
				ENABLE_STRICT_OBJC_MSGSEND = YES;
				ENABLE_TESTABILITY = YES;
				GCC_C_LANGUAGE_STANDARD = gnu99;
				GCC_DYNAMIC_NO_PIC = NO;
				GCC_NO_COMMON_BLOCKS = YES;
				GCC_OPTIMIZATION_LEVEL = 0;
				GCC_PREPROCESSOR_DEFINITIONS = (
					"DEBUG=1",
					"$(inherited)",
				);
				GCC_WARN_64_TO_32_BIT_CONVERSION = YES;
				GCC_WARN_ABOUT_RETURN_TYPE = YES_ERROR;
				GCC_WARN_UNDECLARED_SELECTOR = YES;
				GCC_WARN_UNINITIALIZED_AUTOS = YES_AGGRESSIVE;
				GCC_WARN_UNUSED_FUNCTION = YES;
				GCC_WARN_UNUSED_VARIABLE = YES;
				IPHONEOS_DEPLOYMENT_TARGET = 9.2;
				MTL_ENABLE_DEBUG_INFO = YES;
				ONLY_ACTIVE_ARCH = YES;
				SDKROOT = iphoneos;
				SWIFT_OPTIMIZATION_LEVEL = "-Onone";
				TARGETED_DEVICE_FAMILY = "1,2";
			};
			name = Debug;
		};
		DA9FF0991C6546EF00BF1E2C /* Release */ = {
			isa = XCBuildConfiguration;
			buildSettings = {
				ALWAYS_SEARCH_USER_PATHS = NO;
				CLANG_CXX_LANGUAGE_STANDARD = "gnu++0x";
				CLANG_CXX_LIBRARY = "libc++";
				CLANG_ENABLE_MODULES = YES;
				CLANG_ENABLE_OBJC_ARC = YES;
				CLANG_WARN_BOOL_CONVERSION = YES;
				CLANG_WARN_CONSTANT_CONVERSION = YES;
				CLANG_WARN_DIRECT_OBJC_ISA_USAGE = YES_ERROR;
				CLANG_WARN_EMPTY_BODY = YES;
				CLANG_WARN_ENUM_CONVERSION = YES;
				CLANG_WARN_INT_CONVERSION = YES;
				CLANG_WARN_OBJC_ROOT_CLASS = YES_ERROR;
				CLANG_WARN_UNREACHABLE_CODE = YES;
				CLANG_WARN__DUPLICATE_METHOD_MATCH = YES;
				"CODE_SIGN_IDENTITY[sdk=iphoneos*]" = "iPhone Developer";
				COPY_PHASE_STRIP = NO;
				DEBUG_INFORMATION_FORMAT = "dwarf-with-dsym";
				ENABLE_NS_ASSERTIONS = NO;
				ENABLE_STRICT_OBJC_MSGSEND = YES;
				GCC_C_LANGUAGE_STANDARD = gnu99;
				GCC_NO_COMMON_BLOCKS = YES;
				GCC_WARN_64_TO_32_BIT_CONVERSION = YES;
				GCC_WARN_ABOUT_RETURN_TYPE = YES_ERROR;
				GCC_WARN_UNDECLARED_SELECTOR = YES;
				GCC_WARN_UNINITIALIZED_AUTOS = YES_AGGRESSIVE;
				GCC_WARN_UNUSED_FUNCTION = YES;
				GCC_WARN_UNUSED_VARIABLE = YES;
				IPHONEOS_DEPLOYMENT_TARGET = 9.2;
				MTL_ENABLE_DEBUG_INFO = NO;
				SDKROOT = iphoneos;
				TARGETED_DEVICE_FAMILY = "1,2";
				VALIDATE_PRODUCT = YES;
			};
			name = Release;
		};
		DA9FF09B1C6546EF00BF1E2C /* Debug */ = {
			isa = XCBuildConfiguration;
			buildSettings = {
				ASSETCATALOG_COMPILER_APPICON_NAME = AppIcon;
				INFOPLIST_FILE = "407 P2/Info.plist";
				LD_RUNPATH_SEARCH_PATHS = "$(inherited) @executable_path/Frameworks";
				PRODUCT_BUNDLE_IDENTIFIER = "com.AppcoLLC.-07-P2";
				PRODUCT_NAME = "$(TARGET_NAME)";
			};
			name = Debug;
		};
		DA9FF09C1C6546EF00BF1E2C /* Release */ = {
			isa = XCBuildConfiguration;
			buildSettings = {
				ASSETCATALOG_COMPILER_APPICON_NAME = AppIcon;
				INFOPLIST_FILE = "407 P2/Info.plist";
				LD_RUNPATH_SEARCH_PATHS = "$(inherited) @executable_path/Frameworks";
				PRODUCT_BUNDLE_IDENTIFIER = "com.AppcoLLC.-07-P2";
				PRODUCT_NAME = "$(TARGET_NAME)";
			};
			name = Release;
		};
		DA9FF09E1C6546EF00BF1E2C /* Debug */ = {
			isa = XCBuildConfiguration;
			buildSettings = {
				BUNDLE_LOADER = "$(TEST_HOST)";
				INFOPLIST_FILE = "407 P2Tests/Info.plist";
				LD_RUNPATH_SEARCH_PATHS = "$(inherited) @executable_path/Frameworks @loader_path/Frameworks";
				PRODUCT_BUNDLE_IDENTIFIER = "com.AppcoLLC.-07-P2Tests";
				PRODUCT_NAME = "$(TARGET_NAME)";
				TEST_HOST = "$(BUILT_PRODUCTS_DIR)/407 P2.app/407 P2";
			};
			name = Debug;
		};
		DA9FF09F1C6546EF00BF1E2C /* Release */ = {
			isa = XCBuildConfiguration;
			buildSettings = {
				BUNDLE_LOADER = "$(TEST_HOST)";
				INFOPLIST_FILE = "407 P2Tests/Info.plist";
				LD_RUNPATH_SEARCH_PATHS = "$(inherited) @executable_path/Frameworks @loader_path/Frameworks";
				PRODUCT_BUNDLE_IDENTIFIER = "com.AppcoLLC.-07-P2Tests";
				PRODUCT_NAME = "$(TARGET_NAME)";
				TEST_HOST = "$(BUILT_PRODUCTS_DIR)/407 P2.app/407 P2";
			};
			name = Release;
		};
		DA9FF0A11C6546EF00BF1E2C /* Debug */ = {
			isa = XCBuildConfiguration;
			buildSettings = {
				INFOPLIST_FILE = "407 P2UITests/Info.plist";
				LD_RUNPATH_SEARCH_PATHS = "$(inherited) @executable_path/Frameworks @loader_path/Frameworks";
				PRODUCT_BUNDLE_IDENTIFIER = "com.AppcoLLC.-07-P2UITests";
				PRODUCT_NAME = "$(TARGET_NAME)";
				TEST_TARGET_NAME = "407 P2";
				USES_XCTRUNNER = YES;
			};
			name = Debug;
		};
		DA9FF0A21C6546EF00BF1E2C /* Release */ = {
			isa = XCBuildConfiguration;
			buildSettings = {
				INFOPLIST_FILE = "407 P2UITests/Info.plist";
				LD_RUNPATH_SEARCH_PATHS = "$(inherited) @executable_path/Frameworks @loader_path/Frameworks";
				PRODUCT_BUNDLE_IDENTIFIER = "com.AppcoLLC.-07-P2UITests";
				PRODUCT_NAME = "$(TARGET_NAME)";
				TEST_TARGET_NAME = "407 P2";
				USES_XCTRUNNER = YES;
			};
			name = Release;
		};
/* End XCBuildConfiguration section */

/* Begin XCConfigurationList section */
		DA9FF06D1C6546EF00BF1E2C /* Build configuration list for PBXProject "407 P2" */ = {
			isa = XCConfigurationList;
			buildConfigurations = (
				DA9FF0981C6546EF00BF1E2C /* Debug */,
				DA9FF0991C6546EF00BF1E2C /* Release */,
			);
			defaultConfigurationIsVisible = 0;
			defaultConfigurationName = Release;
		};
		DA9FF09A1C6546EF00BF1E2C /* Build configuration list for PBXNativeTarget "407 P2" */ = {
			isa = XCConfigurationList;
			buildConfigurations = (
				DA9FF09B1C6546EF00BF1E2C /* Debug */,
				DA9FF09C1C6546EF00BF1E2C /* Release */,
			);
			defaultConfigurationIsVisible = 0;
		};
		DA9FF09D1C6546EF00BF1E2C /* Build configuration list for PBXNativeTarget "407 P2Tests" */ = {
			isa = XCConfigurationList;
			buildConfigurations = (
				DA9FF09E1C6546EF00BF1E2C /* Debug */,
				DA9FF09F1C6546EF00BF1E2C /* Release */,
			);
			defaultConfigurationIsVisible = 0;
		};
		DA9FF0A01C6546EF00BF1E2C /* Build configuration list for PBXNativeTarget "407 P2UITests" */ = {
			isa = XCConfigurationList;
			buildConfigurations = (
				DA9FF0A11C6546EF00BF1E2C /* Debug */,
				DA9FF0A21C6546EF00BF1E2C /* Release */,
			);
			defaultConfigurationIsVisible = 0;
		};
/* End XCConfigurationList section */
	};
	rootObject = DA9FF06A1C6546EF00BF1E2C /* Project object */;
}
